# This file was autogenerated by Stack.
# You should not edit this file by hand.
# For more information, please see the documentation at:
#   https://docs.haskellstack.org/en/stable/topics/lock_files

packages: []
snapshots:
- completed:
    sha256: a12749e8aabc7527888b3935e9da0997af21c1067f252558f9064a7d710d2bdb
    size: 719789
    url: https://raw.githubusercontent.com/commercialhaskell/stackage-snapshots/master/nightly/2026/1/15.yaml
  original: nightly-2026-01-15
