# This file was autogenerated by Stack.
# You should not edit this file by hand.
# For more information, please see the documentation at:
#   https://docs.haskellstack.org/en/stable/topics/lock_files

packages:
- completed:
    hackage: path-0.9.6@sha256:63c2783d76c425514b2904e392f487921de823d883dcc629d7eaad36930198ce,5531
    pantry-tree:
      sha256: c791fe08026c1856bfd8fe4ae6b93e86ffcfbd59b3b4644560a71b734dd4b20e
      size: 3146
  original:
    hackage: path-0.9.6
- completed:
    hackage: path-io-1.8.2@sha256:97725811b06f3fea7c1f2b0b39f21806c2f90470fc571acd75d3606b49b0f0d9,2009
    pantry-tree:
      sha256: 14dc5dc9c1f71b2568390ff7f1ad7f8237101ee98a05fe82068e9479468416cb
      size: 318
  original:
    hackage: path-io-1.8.2
snapshots:
- completed:
    sha256: 776b860cca4e9106b51f401ddbc6d8d95ba417ec326d9c869013fef1086a9a17
    size: 621385
    url: https://raw.githubusercontent.com/commercialhaskell/stackage-snapshots/master/nightly/2025/1/11.yaml
  original: nightly-2025-01-11
